// !$*UTF8*$!
{
	archiveVersion = 1;
	classes = {
	};
	objectVersion = 56;
	objects = {

/* Begin PBXBuildFile section */
		04E692C92F5EA2CE0082C59F /* ioscrmappApp.swift in Sources */ = {isa = PBXBuildFile; fileRef = 04E692C82F5EA2CE0082C59F /* ioscrmappApp.swift */; };
		04E692CB2F5EA2CE0082C59F /* ContentView.swift in Sources */ = {isa = PBXBuildFile; fileRef = 04E692CA2F5EA2CE0082C59F /* ContentView.swift */; };
		04E692CD2F5EA2CF0082C59F /* Assets.xcassets in Resources */ = {isa = PBXBuildFile; fileRef = 04E692CC2F5EA2CF0082C59F /* Assets.xcassets */; };
		04E692D02F5EA2CF0082C59F /* Preview Assets.xcassets in Resources */ = {isa = PBXBuildFile; fileRef = 04E692CF2F5EA2CF0082C59F /* Preview Assets.xcassets */; };
		A10000000000000000000001 /* SessionStore.swift in Sources */ = {isa = PBXBuildFile; fileRef = A20000000000000000000001 /* SessionStore.swift */; };
		A10000000000000000000002 /* AuthService.swift in Sources */ = {isa = PBXBuildFile; fileRef = A20000000000000000000002 /* AuthService.swift */; };
		A10000000000000000000003 /* AuthModels.swift in Sources */ = {isa = PBXBuildFile; fileRef = A20000000000000000000003 /* AuthModels.swift */; };
		A10000000000000000000004 /* AuthLoginViewModel.swift in Sources */ = {isa = PBXBuildFile; fileRef = A20000000000000000000004 /* AuthLoginViewModel.swift */; };
		A10000000000000000000005 /* AuthViews.swift in Sources */ = {isa = PBXBuildFile; fileRef = A20000000000000000000005 /* AuthViews.swift */; };
		A10000000000000000000006 /* HomeView.swift in Sources */ = {isa = PBXBuildFile; fileRef = A20000000000000000000006 /* HomeView.swift */; };
		A10000000000000000000007 /* DesignSystem.swift in Sources */ = {isa = PBXBuildFile; fileRef = A20000000000000000000007 /* DesignSystem.swift */; };
		A10000000000000000000008 /* MeService.swift in Sources */ = {isa = PBXBuildFile; fileRef = A20000000000000000000008 /* MeService.swift */; };
		A10000000000000000000009 /* MeModels.swift in Sources */ = {isa = PBXBuildFile; fileRef = A20000000000000000000009 /* MeModels.swift */; };
		A1000000000000000000000A /* MeViewModel.swift in Sources */ = {isa = PBXBuildFile; fileRef = A2000000000000000000000A /* MeViewModel.swift */; };
		A1000000000000000000000B /* MeViews.swift in Sources */ = {isa = PBXBuildFile; fileRef = A2000000000000000000000B /* MeViews.swift */; };
		A1000000000000000000000C /* DUBottomSheet.swift in Sources */ = {isa = PBXBuildFile; fileRef = A2000000000000000000000C /* DUBottomSheet.swift */; };
		A1000000000000000000000D /* AppServices.swift in Sources */ = {isa = PBXBuildFile; fileRef = A2000000000000000000000D /* AppServices.swift */; };
		A1000000000000000000000E /* AppEnvironment.swift in Sources */ = {isa = PBXBuildFile; fileRef = A2000000000000000000000E /* AppEnvironment.swift */; };
		A1000000000000000000000F /* AppLanguage.swift in Sources */ = {isa = PBXBuildFile; fileRef = A2000000000000000000000F /* AppLanguage.swift */; };
		A10000000000000000000010 /* AppLanguageStore.swift in Sources */ = {isa = PBXBuildFile; fileRef = A20000000000000000000010 /* AppLanguageStore.swift */; };
		A10000000000000000000011 /* LocalizedTextValue.swift in Sources */ = {isa = PBXBuildFile; fileRef = A20000000000000000000011 /* LocalizedTextValue.swift */; };
		A10000000000000000000012 /* LanguageSettingsView.swift in Sources */ = {isa = PBXBuildFile; fileRef = A20000000000000000000012 /* LanguageSettingsView.swift */; };
		A10000000000000000000013 /* Localizations in Resources */ = {isa = PBXBuildFile; fileRef = A20000000000000000000013 /* Localizations */; };
		A10000000000000000000014 /* DUButton.swift in Sources */ = {isa = PBXBuildFile; fileRef = A20000000000000000000014 /* DUButton.swift */; };
		A10000000000000000000015 /* DUTextField.swift in Sources */ = {isa = PBXBuildFile; fileRef = A20000000000000000000015 /* DUTextField.swift */; };
		A10000000000000000000016 /* DUPhoneField.swift in Sources */ = {isa = PBXBuildFile; fileRef = A20000000000000000000016 /* DUPhoneField.swift */; };
		A10000000000000000000017 /* DUListItem.swift in Sources */ = {isa = PBXBuildFile; fileRef = A20000000000000000000017 /* DUListItem.swift */; };
		A10000000000000000000018 /* DUTextButton.swift in Sources */ = {isa = PBXBuildFile; fileRef = A20000000000000000000018 /* DUTextButton.swift */; };
		A10000000000000000000019 /* DUIconButton.swift in Sources */ = {isa = PBXBuildFile; fileRef = A20000000000000000000019 /* DUIconButton.swift */; };
		A1000000000000000000001A /* DUStateView.swift in Sources */ = {isa = PBXBuildFile; fileRef = A2000000000000000000001A /* DUStateView.swift */; };
		A1000000000000000000001B /* DUSectionCard.swift in Sources */ = {isa = PBXBuildFile; fileRef = A2000000000000000000001B /* DUSectionCard.swift */; };
		A1000000000000000000001C /* AuthAPI.swift in Sources */ = {isa = PBXBuildFile; fileRef = A2000000000000000000001C /* AuthAPI.swift */; };
		A1000000000000000000001D /* HTTPClient.swift in Sources */ = {isa = PBXBuildFile; fileRef = A2000000000000000000001D /* HTTPClient.swift */; };
		A1000000000000000000001E /* NetworkContextBuilder.swift in Sources */ = {isa = PBXBuildFile; fileRef = A2000000000000000000001E /* NetworkContextBuilder.swift */; };
		A1000000000000000000001F /* DeviceIdentityProvider.swift in Sources */ = {isa = PBXBuildFile; fileRef = A2000000000000000000001F /* DeviceIdentityProvider.swift */; };
		A10000000000000000000020 /* RegistrationRequestEncryptor.swift in Sources */ = {isa = PBXBuildFile; fileRef = A20000000000000000000020 /* RegistrationRequestEncryptor.swift */; };
		A10000000000000000000021 /* AdvertisementAPI.swift in Sources */ = {isa = PBXBuildFile; fileRef = A20000000000000000000021 /* AdvertisementAPI.swift */; };
		A10000000000000000000022 /* SplashAdModels.swift in Sources */ = {isa = PBXBuildFile; fileRef = A20000000000000000000022 /* SplashAdModels.swift */; };
		A10000000000000000000023 /* SplashAdService.swift in Sources */ = {isa = PBXBuildFile; fileRef = A20000000000000000000023 /* SplashAdService.swift */; };
		A10000000000000000000024 /* DUSplashSkipButton.swift in Sources */ = {isa = PBXBuildFile; fileRef = A20000000000000000000024 /* DUSplashSkipButton.swift */; };
		A10000000000000000000025 /* AppLaunchContainerViewModel.swift in Sources */ = {isa = PBXBuildFile; fileRef = A20000000000000000000025 /* AppLaunchContainerViewModel.swift */; };
		A10000000000000000000026 /* SplashAdViewModel.swift in Sources */ = {isa = PBXBuildFile; fileRef = A20000000000000000000026 /* SplashAdViewModel.swift */; };
		A10000000000000000000027 /* AppLaunchContainerView.swift in Sources */ = {isa = PBXBuildFile; fileRef = A20000000000000000000027 /* AppLaunchContainerView.swift */; };
		A10000000000000000000028 /* SplashAdView.swift in Sources */ = {isa = PBXBuildFile; fileRef = A20000000000000000000028 /* SplashAdView.swift */; };
		A10000000000000000000029 /* SessionKeychainStores.swift in Sources */ = {isa = PBXBuildFile; fileRef = A20000000000000000000029 /* SessionKeychainStores.swift */; };
		A1000000000000000000002A /* SessionUserDefaultsStore.swift in Sources */ = {isa = PBXBuildFile; fileRef = A2000000000000000000002A /* SessionUserDefaultsStore.swift */; };
		A1000000000000000000002B /* NotificationAPI.swift in Sources */ = {isa = PBXBuildFile; fileRef = A2000000000000000000002B /* NotificationAPI.swift */; };
		A1000000000000000000002C /* NotificationService.swift in Sources */ = {isa = PBXBuildFile; fileRef = A2000000000000000000002C /* NotificationService.swift */; };
		A1000000000000000000002D /* MessageCenterModels.swift in Sources */ = {isa = PBXBuildFile; fileRef = A2000000000000000000002D /* MessageCenterModels.swift */; };
		A1000000000000000000002E /* MessageCenterViewModel.swift in Sources */ = {isa = PBXBuildFile; fileRef = A2000000000000000000002E /* MessageCenterViewModel.swift */; };
		A1000000000000000000002F /* MessageCenterView.swift in Sources */ = {isa = PBXBuildFile; fileRef = A2000000000000000000002F /* MessageCenterView.swift */; };
		A10000000000000000000030 /* MessageDetailContentView.swift in Sources */ = {isa = PBXBuildFile; fileRef = A20000000000000000000030 /* MessageDetailContentView.swift */; };
		A10000000000000000000031 /* MallService.swift in Sources */ = {isa = PBXBuildFile; fileRef = A20000000000000000000031 /* MallService.swift */; };
		A10000000000000000000032 /* MallModels.swift in Sources */ = {isa = PBXBuildFile; fileRef = A20000000000000000000032 /* MallModels.swift */; };
		A10000000000000000000033 /* MallViewModel.swift in Sources */ = {isa = PBXBuildFile; fileRef = A20000000000000000000033 /* MallViewModel.swift */; };
		A10000000000000000000034 /* MallComponents.swift in Sources */ = {isa = PBXBuildFile; fileRef = A20000000000000000000034 /* MallComponents.swift */; };
		A10000000000000000000035 /* MallContainerView.swift in Sources */ = {isa = PBXBuildFile; fileRef = A20000000000000000000035 /* MallContainerView.swift */; };
		A10000000000000000000036 /* MallHomeView.swift in Sources */ = {isa = PBXBuildFile; fileRef = A20000000000000000000036 /* MallHomeView.swift */; };
		A10000000000000000000037 /* MallCategoryView.swift in Sources */ = {isa = PBXBuildFile; fileRef = A20000000000000000000037 /* MallCategoryView.swift */; };
		A10000000000000000000038 /* MallSearchView.swift in Sources */ = {isa = PBXBuildFile; fileRef = A20000000000000000000038 /* MallSearchView.swift */; };
		A10000000000000000000039 /* MallSearchResultView.swift in Sources */ = {isa = PBXBuildFile; fileRef = A20000000000000000000039 /* MallSearchResultView.swift */; };
		A10000000000000000000040 /* HomeAPI.swift in Sources */ = {isa = PBXBuildFile; fileRef = A20000000000000000000040 /* HomeAPI.swift */; };
		A10000000000000000000041 /* HomeService.swift in Sources */ = {isa = PBXBuildFile; fileRef = A20000000000000000000041 /* HomeService.swift */; };
		A10000000000000000000042 /* HomeModels.swift in Sources */ = {isa = PBXBuildFile; fileRef = A20000000000000000000042 /* HomeModels.swift */; };
		A10000000000000000000043 /* HomeViewModel.swift in Sources */ = {isa = PBXBuildFile; fileRef = A20000000000000000000043 /* HomeViewModel.swift */; };
		A10000000000000000000044 /* MallAPI.swift in Sources */ = {isa = PBXBuildFile; fileRef = A20000000000000000000044 /* MallAPI.swift */; };
		A10000000000000000000045 /* BadgeCenterAPI.swift in Sources */ = {isa = PBXBuildFile; fileRef = A20000000000000000000045 /* BadgeCenterAPI.swift */; };
		B10000000000000000000001 /* BillingAPI.swift in Sources */ = {isa = PBXBuildFile; fileRef = B20000000000000000000001 /* BillingAPI.swift */; };
		B10000000000000000000002 /* BillingService.swift in Sources */ = {isa = PBXBuildFile; fileRef = B20000000000000000000002 /* BillingService.swift */; };
		B10000000000000000000003 /* BillingModels.swift in Sources */ = {isa = PBXBuildFile; fileRef = B20000000000000000000003 /* BillingModels.swift */; };
		B10000000000000000000004 /* BillingViewModel.swift in Sources */ = {isa = PBXBuildFile; fileRef = B20000000000000000000004 /* BillingViewModel.swift */; };
		B10000000000000000000005 /* BillingViews.swift in Sources */ = {isa = PBXBuildFile; fileRef = B20000000000000000000005 /* BillingViews.swift */; };
		B10000000000000000000006 /* RechargeViews.swift in Sources */ = {isa = PBXBuildFile; fileRef = B20000000000000000000006 /* RechargeViews.swift */; };
		C10000000000000000000001 /* BadgeCenterService.swift in Sources */ = {isa = PBXBuildFile; fileRef = C20000000000000000000001 /* BadgeCenterService.swift */; };
		C10000000000000000000002 /* BadgeCenterModels.swift in Sources */ = {isa = PBXBuildFile; fileRef = C20000000000000000000002 /* BadgeCenterModels.swift */; };
		C10000000000000000000003 /* BadgeCenterViewModel.swift in Sources */ = {isa = PBXBuildFile; fileRef = C20000000000000000000003 /* BadgeCenterViewModel.swift */; };
		C10000000000000000000004 /* BadgeCenterView.swift in Sources */ = {isa = PBXBuildFile; fileRef = C20000000000000000000004 /* BadgeCenterView.swift */; };
		C10000000000000000000005 /* BadgeCenterListComponents.swift in Sources */ = {isa = PBXBuildFile; fileRef = C20000000000000000000005 /* BadgeCenterListComponents.swift */; };
		C10000000000000000000006 /* BadgeCenterSharedComponents.swift in Sources */ = {isa = PBXBuildFile; fileRef = C20000000000000000000006 /* BadgeCenterSharedComponents.swift */; };
		C10000000000000000000007 /* BadgeDetailContentView.swift in Sources */ = {isa = PBXBuildFile; fileRef = C20000000000000000000007 /* BadgeDetailContentView.swift */; };
		C10000000000000000000008 /* BadgeUnlockPromptView.swift in Sources */ = {isa = PBXBuildFile; fileRef = C20000000000000000000008 /* BadgeUnlockPromptView.swift */; };
/* End PBXBuildFile section */

/* Begin PBXFileReference section */
		04E692C52F5EA2CE0082C59F /* Du App.app */ = {isa = PBXFileReference; explicitFileType = wrapper.application; includeInIndex = 0; path = "Du App.app"; sourceTree = BUILT_PRODUCTS_DIR; };
		04E692C82F5EA2CE0082C59F /* ioscrmappApp.swift */ = {isa = PBXFileReference; lastKnownFileType = sourcecode.swift; path = ioscrmappApp.swift; sourceTree = "<group>"; };
		04E692CA2F5EA2CE0082C59F /* ContentView.swift */ = {isa = PBXFileReference; lastKnownFileType = sourcecode.swift; path = ContentView.swift; sourceTree = "<group>"; };
		04E692CC2F5EA2CF0082C59F /* Assets.xcassets */ = {isa = PBXFileReference; lastKnownFileType = folder.assetcatalog; path = Assets.xcassets; sourceTree = "<group>"; };
		04E692CF2F5EA2CF0082C59F /* Preview Assets.xcassets */ = {isa = PBXFileReference; lastKnownFileType = folder.assetcatalog; path = "Preview Assets.xcassets"; sourceTree = "<group>"; };
		A20000000000000000000001 /* SessionStore.swift */ = {isa = PBXFileReference; lastKnownFileType = sourcecode.swift; path = SessionStore.swift; sourceTree = "<group>"; };
		A20000000000000000000002 /* AuthService.swift */ = {isa = PBXFileReference; lastKnownFileType = sourcecode.swift; path = AuthService.swift; sourceTree = "<group>"; };
		A20000000000000000000003 /* AuthModels.swift */ = {isa = PBXFileReference; lastKnownFileType = sourcecode.swift; path = AuthModels.swift; sourceTree = "<group>"; };
		A20000000000000000000004 /* AuthLoginViewModel.swift */ = {isa = PBXFileReference; lastKnownFileType = sourcecode.swift; path = AuthLoginViewModel.swift; sourceTree = "<group>"; };
		A20000000000000000000005 /* AuthViews.swift */ = {isa = PBXFileReference; lastKnownFileType = sourcecode.swift; path = AuthViews.swift; sourceTree = "<group>"; };
		A20000000000000000000006 /* HomeView.swift */ = {isa = PBXFileReference; lastKnownFileType = sourcecode.swift; path = HomeView.swift; sourceTree = "<group>"; };
		A20000000000000000000007 /* DesignSystem.swift */ = {isa = PBXFileReference; lastKnownFileType = sourcecode.swift; path = DesignSystem.swift; sourceTree = "<group>"; };
		A20000000000000000000008 /* MeService.swift */ = {isa = PBXFileReference; lastKnownFileType = sourcecode.swift; path = MeService.swift; sourceTree = "<group>"; };
		A20000000000000000000009 /* MeModels.swift */ = {isa = PBXFileReference; lastKnownFileType = sourcecode.swift; path = MeModels.swift; sourceTree = "<group>"; };
		A2000000000000000000000A /* MeViewModel.swift */ = {isa = PBXFileReference; lastKnownFileType = sourcecode.swift; path = MeViewModel.swift; sourceTree = "<group>"; };
		A2000000000000000000000B /* MeViews.swift */ = {isa = PBXFileReference; lastKnownFileType = sourcecode.swift; path = MeViews.swift; sourceTree = "<group>"; };
		A2000000000000000000000C /* DUBottomSheet.swift */ = {isa = PBXFileReference; lastKnownFileType = sourcecode.swift; path = DUBottomSheet.swift; sourceTree = "<group>"; };
		A2000000000000000000000D /* AppServices.swift */ = {isa = PBXFileReference; lastKnownFileType = sourcecode.swift; path = AppServices.swift; sourceTree = "<group>"; };
		A2000000000000000000000E /* AppEnvironment.swift */ = {isa = PBXFileReference; lastKnownFileType = sourcecode.swift; path = AppEnvironment.swift; sourceTree = "<group>"; };
		A2000000000000000000000F /* AppLanguage.swift */ = {isa = PBXFileReference; lastKnownFileType = sourcecode.swift; path = AppLanguage.swift; sourceTree = "<group>"; };
		A20000000000000000000010 /* AppLanguageStore.swift */ = {isa = PBXFileReference; lastKnownFileType = sourcecode.swift; path = AppLanguageStore.swift; sourceTree = "<group>"; };
		A20000000000000000000011 /* LocalizedTextValue.swift */ = {isa = PBXFileReference; lastKnownFileType = sourcecode.swift; path = LocalizedTextValue.swift; sourceTree = "<group>"; };
		A20000000000000000000012 /* LanguageSettingsView.swift */ = {isa = PBXFileReference; lastKnownFileType = sourcecode.swift; path = LanguageSettingsView.swift; sourceTree = "<group>"; };
		A20000000000000000000013 /* Localizations */ = {isa = PBXFileReference; lastKnownFileType = folder; path = Localizations; sourceTree = "<group>"; };
		A20000000000000000000014 /* DUButton.swift */ = {isa = PBXFileReference; lastKnownFileType = sourcecode.swift; path = DUButton.swift; sourceTree = "<group>"; };
		A20000000000000000000015 /* DUTextField.swift */ = {isa = PBXFileReference; lastKnownFileType = sourcecode.swift; path = DUTextField.swift; sourceTree = "<group>"; };
		A20000000000000000000016 /* DUPhoneField.swift */ = {isa = PBXFileReference; lastKnownFileType = sourcecode.swift; path = DUPhoneField.swift; sourceTree = "<group>"; };
		A20000000000000000000017 /* DUListItem.swift */ = {isa = PBXFileReference; lastKnownFileType = sourcecode.swift; path = DUListItem.swift; sourceTree = "<group>"; };
		A20000000000000000000018 /* DUTextButton.swift */ = {isa = PBXFileReference; lastKnownFileType = sourcecode.swift; path = DUTextButton.swift; sourceTree = "<group>"; };
		A20000000000000000000019 /* DUIconButton.swift */ = {isa = PBXFileReference; lastKnownFileType = sourcecode.swift; path = DUIconButton.swift; sourceTree = "<group>"; };
		A2000000000000000000001A /* DUStateView.swift */ = {isa = PBXFileReference; lastKnownFileType = sourcecode.swift; path = DUStateView.swift; sourceTree = "<group>"; };
		A2000000000000000000001B /* DUSectionCard.swift */ = {isa = PBXFileReference; lastKnownFileType = sourcecode.swift; path = DUSectionCard.swift; sourceTree = "<group>"; };
		A2000000000000000000001C /* AuthAPI.swift */ = {isa = PBXFileReference; lastKnownFileType = sourcecode.swift; path = AuthAPI.swift; sourceTree = "<group>"; };
		A2000000000000000000001D /* HTTPClient.swift */ = {isa = PBXFileReference; lastKnownFileType = sourcecode.swift; path = HTTPClient.swift; sourceTree = "<group>"; };
		A2000000000000000000001E /* NetworkContextBuilder.swift */ = {isa = PBXFileReference; lastKnownFileType = sourcecode.swift; path = NetworkContextBuilder.swift; sourceTree = "<group>"; };
		A2000000000000000000001F /* DeviceIdentityProvider.swift */ = {isa = PBXFileReference; lastKnownFileType = sourcecode.swift; path = DeviceIdentityProvider.swift; sourceTree = "<group>"; };
		A20000000000000000000020 /* RegistrationRequestEncryptor.swift */ = {isa = PBXFileReference; lastKnownFileType = sourcecode.swift; path = RegistrationRequestEncryptor.swift; sourceTree = "<group>"; };
		A20000000000000000000021 /* AdvertisementAPI.swift */ = {isa = PBXFileReference; lastKnownFileType = sourcecode.swift; path = AdvertisementAPI.swift; sourceTree = "<group>"; };
		A20000000000000000000022 /* SplashAdModels.swift */ = {isa = PBXFileReference; lastKnownFileType = sourcecode.swift; path = SplashAdModels.swift; sourceTree = "<group>"; };
		A20000000000000000000023 /* SplashAdService.swift */ = {isa = PBXFileReference; lastKnownFileType = sourcecode.swift; path = SplashAdService.swift; sourceTree = "<group>"; };
		A20000000000000000000024 /* DUSplashSkipButton.swift */ = {isa = PBXFileReference; lastKnownFileType = sourcecode.swift; path = DUSplashSkipButton.swift; sourceTree = "<group>"; };
		A20000000000000000000025 /* AppLaunchContainerViewModel.swift */ = {isa = PBXFileReference; lastKnownFileType = sourcecode.swift; path = AppLaunchContainerViewModel.swift; sourceTree = "<group>"; };
		A20000000000000000000026 /* SplashAdViewModel.swift */ = {isa = PBXFileReference; lastKnownFileType = sourcecode.swift; path = SplashAdViewModel.swift; sourceTree = "<group>"; };
		A20000000000000000000027 /* AppLaunchContainerView.swift */ = {isa = PBXFileReference; lastKnownFileType = sourcecode.swift; path = AppLaunchContainerView.swift; sourceTree = "<group>"; };
		A20000000000000000000028 /* SplashAdView.swift */ = {isa = PBXFileReference; lastKnownFileType = sourcecode.swift; path = SplashAdView.swift; sourceTree = "<group>"; };
		A20000000000000000000029 /* SessionKeychainStores.swift */ = {isa = PBXFileReference; lastKnownFileType = sourcecode.swift; path = SessionKeychainStores.swift; sourceTree = "<group>"; };
		A2000000000000000000002A /* SessionUserDefaultsStore.swift */ = {isa = PBXFileReference; lastKnownFileType = sourcecode.swift; path = SessionUserDefaultsStore.swift; sourceTree = "<group>"; };
		A2000000000000000000002B /* NotificationAPI.swift */ = {isa = PBXFileReference; lastKnownFileType = sourcecode.swift; path = NotificationAPI.swift; sourceTree = "<group>"; };
		A2000000000000000000002C /* NotificationService.swift */ = {isa = PBXFileReference; lastKnownFileType = sourcecode.swift; path = NotificationService.swift; sourceTree = "<group>"; };
		A2000000000000000000002D /* MessageCenterModels.swift */ = {isa = PBXFileReference; lastKnownFileType = sourcecode.swift; path = MessageCenterModels.swift; sourceTree = "<group>"; };
		A2000000000000000000002E /* MessageCenterViewModel.swift */ = {isa = PBXFileReference; lastKnownFileType = sourcecode.swift; path = MessageCenterViewModel.swift; sourceTree = "<group>"; };
		A2000000000000000000002F /* MessageCenterView.swift */ = {isa = PBXFileReference; lastKnownFileType = sourcecode.swift; path = MessageCenterView.swift; sourceTree = "<group>"; };
		A20000000000000000000030 /* MessageDetailContentView.swift */ = {isa = PBXFileReference; lastKnownFileType = sourcecode.swift; path = MessageDetailContentView.swift; sourceTree = "<group>"; };
		A20000000000000000000031 /* MallService.swift */ = {isa = PBXFileReference; lastKnownFileType = sourcecode.swift; path = MallService.swift; sourceTree = "<group>"; };
		A20000000000000000000032 /* MallModels.swift */ = {isa = PBXFileReference; lastKnownFileType = sourcecode.swift; path = MallModels.swift; sourceTree = "<group>"; };
		A20000000000000000000033 /* MallViewModel.swift */ = {isa = PBXFileReference; lastKnownFileType = sourcecode.swift; path = MallViewModel.swift; sourceTree = "<group>"; };
		A20000000000000000000034 /* MallComponents.swift */ = {isa = PBXFileReference; lastKnownFileType = sourcecode.swift; path = MallComponents.swift; sourceTree = "<group>"; };
		A20000000000000000000035 /* MallContainerView.swift */ = {isa = PBXFileReference; lastKnownFileType = sourcecode.swift; path = MallContainerView.swift; sourceTree = "<group>"; };
		A20000000000000000000036 /* MallHomeView.swift */ = {isa = PBXFileReference; lastKnownFileType = sourcecode.swift; path = MallHomeView.swift; sourceTree = "<group>"; };
		A20000000000000000000037 /* MallCategoryView.swift */ = {isa = PBXFileReference; lastKnownFileType = sourcecode.swift; path = MallCategoryView.swift; sourceTree = "<group>"; };
		A20000000000000000000038 /* MallSearchView.swift */ = {isa = PBXFileReference; lastKnownFileType = sourcecode.swift; path = MallSearchView.swift; sourceTree = "<group>"; };
		A20000000000000000000039 /* MallSearchResultView.swift */ = {isa = PBXFileReference; lastKnownFileType = sourcecode.swift; path = MallSearchResultView.swift; sourceTree = "<group>"; };
		A20000000000000000000040 /* HomeAPI.swift */ = {isa = PBXFileReference; lastKnownFileType = sourcecode.swift; path = HomeAPI.swift; sourceTree = "<group>"; };
		A20000000000000000000041 /* HomeService.swift */ = {isa = PBXFileReference; lastKnownFileType = sourcecode.swift; path = HomeService.swift; sourceTree = "<group>"; };
		A20000000000000000000042 /* HomeModels.swift */ = {isa = PBXFileReference; lastKnownFileType = sourcecode.swift; path = HomeModels.swift; sourceTree = "<group>"; };
		A20000000000000000000043 /* HomeViewModel.swift */ = {isa = PBXFileReference; lastKnownFileType = sourcecode.swift; path = HomeViewModel.swift; sourceTree = "<group>"; };
		A20000000000000000000044 /* MallAPI.swift */ = {isa = PBXFileReference; lastKnownFileType = sourcecode.swift; path = MallAPI.swift; sourceTree = "<group>"; };
		A20000000000000000000045 /* BadgeCenterAPI.swift */ = {isa = PBXFileReference; lastKnownFileType = sourcecode.swift; path = BadgeCenterAPI.swift; sourceTree = "<group>"; };
		B20000000000000000000001 /* BillingAPI.swift */ = {isa = PBXFileReference; lastKnownFileType = sourcecode.swift; path = BillingAPI.swift; sourceTree = "<group>"; };
		B20000000000000000000002 /* BillingService.swift */ = {isa = PBXFileReference; lastKnownFileType = sourcecode.swift; path = BillingService.swift; sourceTree = "<group>"; };
		B20000000000000000000003 /* BillingModels.swift */ = {isa = PBXFileReference; lastKnownFileType = sourcecode.swift; path = BillingModels.swift; sourceTree = "<group>"; };
		B20000000000000000000004 /* BillingViewModel.swift */ = {isa = PBXFileReference; lastKnownFileType = sourcecode.swift; path = BillingViewModel.swift; sourceTree = "<group>"; };
		B20000000000000000000005 /* BillingViews.swift */ = {isa = PBXFileReference; lastKnownFileType = sourcecode.swift; path = BillingViews.swift; sourceTree = "<group>"; };
		B20000000000000000000006 /* RechargeViews.swift */ = {isa = PBXFileReference; lastKnownFileType = sourcecode.swift; path = RechargeViews.swift; sourceTree = "<group>"; };
		C20000000000000000000001 /* BadgeCenterService.swift */ = {isa = PBXFileReference; lastKnownFileType = sourcecode.swift; path = BadgeCenterService.swift; sourceTree = "<group>"; };
		C20000000000000000000002 /* BadgeCenterModels.swift */ = {isa = PBXFileReference; lastKnownFileType = sourcecode.swift; path = BadgeCenterModels.swift; sourceTree = "<group>"; };
		C20000000000000000000003 /* BadgeCenterViewModel.swift */ = {isa = PBXFileReference; lastKnownFileType = sourcecode.swift; path = BadgeCenterViewModel.swift; sourceTree = "<group>"; };
		C20000000000000000000004 /* BadgeCenterView.swift */ = {isa = PBXFileReference; lastKnownFileType = sourcecode.swift; path = BadgeCenterView.swift; sourceTree = "<group>"; };
		C20000000000000000000005 /* BadgeCenterListComponents.swift */ = {isa = PBXFileReference; lastKnownFileType = sourcecode.swift; path = BadgeCenterListComponents.swift; sourceTree = "<group>"; };
		C20000000000000000000006 /* BadgeCenterSharedComponents.swift */ = {isa = PBXFileReference; lastKnownFileType = sourcecode.swift; path = BadgeCenterSharedComponents.swift; sourceTree = "<group>"; };
		C20000000000000000000007 /* BadgeDetailContentView.swift */ = {isa = PBXFileReference; lastKnownFileType = sourcecode.swift; path = BadgeDetailContentView.swift; sourceTree = "<group>"; };
		C20000000000000000000008 /* BadgeUnlockPromptView.swift */ = {isa = PBXFileReference; lastKnownFileType = sourcecode.swift; path = BadgeUnlockPromptView.swift; sourceTree = "<group>"; };
/* End PBXFileReference section */

/* Begin PBXFrameworksBuildPhase section */
		04E692C22F5EA2CE0082C59F /* Frameworks */ = {
			isa = PBXFrameworksBuildPhase;
			buildActionMask = 2147483647;
			files = (
			);
			runOnlyForDeploymentPostprocessing = 0;
		};
/* End PBXFrameworksBuildPhase section */

/* Begin PBXGroup section */
		04E692BC2F5EA2CE0082C59F = {
			isa = PBXGroup;
			children = (
				04E692C72F5EA2CE0082C59F /* ioscrmapp */,
				04E692C62F5EA2CE0082C59F /* Products */,
			);
			sourceTree = "<group>";
		};
		04E692C62F5EA2CE0082C59F /* Products */ = {
			isa = PBXGroup;
			children = (
				04E692C52F5EA2CE0082C59F /* Du App.app */,
			);
			name = Products;
			sourceTree = "<group>";
		};
		04E692C72F5EA2CE0082C59F /* ioscrmapp */ = {
			isa = PBXGroup;
			children = (
				04E692C82F5EA2CE0082C59F /* ioscrmappApp.swift */,
				04E692CA2F5EA2CE0082C59F /* ContentView.swift */,
				A30000000000000000000001 /* Core */,
				A30000000000000000000010 /* Common */,
				A30000000000000000000002 /* Services */,
				A30000000000000000000003 /* Modules */,
				A30000000000000000000004 /* DesignSystem */,
				A20000000000000000000013 /* Localizations */,
				04E692CC2F5EA2CF0082C59F /* Assets.xcassets */,
				04E692CE2F5EA2CF0082C59F /* Preview Content */,
			);
			path = ioscrmapp;
			sourceTree = "<group>";
		};
		04E692CE2F5EA2CF0082C59F /* Preview Content */ = {
			isa = PBXGroup;
			children = (
				04E692CF2F5EA2CF0082C59F /* Preview Assets.xcassets */,
			);
			path = "Preview Content";
			sourceTree = "<group>";
		};
		A30000000000000000000001 /* Core */ = {
			isa = PBXGroup;
			children = (
				A30000000000000000000012 /* Config */,
				A30000000000000000000013 /* Localization */,
				A30000000000000000000019 /* Networking */,
				A30000000000000000000005 /* Storage */,
			);
			path = Core;
			sourceTree = "<group>";
		};
		A30000000000000000000002 /* Services */ = {
			isa = PBXGroup;
			children = (
				A2000000000000000000000D /* AppServices.swift */,
				A20000000000000000000002 /* AuthService.swift */,
				C20000000000000000000001 /* BadgeCenterService.swift */,
				B20000000000000000000002 /* BillingService.swift */,
				A20000000000000000000041 /* HomeService.swift */,
				A20000000000000000000031 /* MallService.swift */,
				A20000000000000000000008 /* MeService.swift */,
				A2000000000000000000002C /* NotificationService.swift */,
				A20000000000000000000023 /* SplashAdService.swift */,
				A20000000000000000000020 /* RegistrationRequestEncryptor.swift */,
			);
			path = Services;
			sourceTree = "<group>";
		};
		A30000000000000000000003 /* Modules */ = {
			isa = PBXGroup;
			children = (
				A30000000000000000000006 /* Auth */,
				C30000000000000000000001 /* BadgeCenter */,
				B30000000000000000000001 /* Billing */,
				A30000000000000000000007 /* Home */,
				A30000000000000000000031 /* Mall */,
				A3000000000000000000002B /* MessageCenter */,
				A3000000000000000000001A /* Launch */,
				A3000000000000000000000C /* Me */,
			);
			path = Modules;
			sourceTree = "<group>";
		};
		A30000000000000000000004 /* DesignSystem */ = {
			isa = PBXGroup;
			children = (
				A20000000000000000000007 /* DesignSystem.swift */,
			);
			path = DesignSystem;
			sourceTree = "<group>";
		};
		A30000000000000000000005 /* Storage */ = {
			isa = PBXGroup;
			children = (
				A20000000000000000000029 /* SessionKeychainStores.swift */,
				A2000000000000000000002A /* SessionUserDefaultsStore.swift */,
				A20000000000000000000001 /* SessionStore.swift */,
			);
			path = Storage;
			sourceTree = "<group>";
		};
		A30000000000000000000006 /* Auth */ = {
			isa = PBXGroup;
			children = (
				A30000000000000000000008 /* Models */,
				A30000000000000000000009 /* ViewModels */,
				A3000000000000000000000A /* Views */,
			);
			path = Auth;
			sourceTree = "<group>";
		};
		A30000000000000000000007 /* Home */ = {
			isa = PBXGroup;
			children = (
				A30000000000000000000040 /* Models */,
				A30000000000000000000041 /* ViewModels */,
				A3000000000000000000000B /* Views */,
			);
			path = Home;
			sourceTree = "<group>";
		};
		A30000000000000000000008 /* Models */ = {
			isa = PBXGroup;
			children = (
				A20000000000000000000003 /* AuthModels.swift */,
			);
			path = Models;
			sourceTree = "<group>";
		};
		A30000000000000000000009 /* ViewModels */ = {
			isa = PBXGroup;
			children = (
				A20000000000000000000004 /* AuthLoginViewModel.swift */,
			);
			path = ViewModels;
			sourceTree = "<group>";
		};
		A3000000000000000000000A /* Views */ = {
			isa = PBXGroup;
			children = (
				A20000000000000000000005 /* AuthViews.swift */,
			);
			path = Views;
			sourceTree = "<group>";
		};
		A3000000000000000000000B /* Views */ = {
			isa = PBXGroup;
			children = (
				A20000000000000000000006 /* HomeView.swift */,
			);
			path = Views;
			sourceTree = "<group>";
		};
		A3000000000000000000000C /* Me */ = {
			isa = PBXGroup;
			children = (
				A3000000000000000000000D /* Models */,
				A3000000000000000000000E /* ViewModels */,
				A3000000000000000000000F /* Views */,
			);
			path = Me;
			sourceTree = "<group>";
		};
		A3000000000000000000000D /* Models */ = {
			isa = PBXGroup;
			children = (
				A20000000000000000000009 /* MeModels.swift */,
			);
			path = Models;
			sourceTree = "<group>";
		};
		A3000000000000000000000E /* ViewModels */ = {
			isa = PBXGroup;
			children = (
				A2000000000000000000000A /* MeViewModel.swift */,
			);
			path = ViewModels;
			sourceTree = "<group>";
		};
		A3000000000000000000000F /* Views */ = {
			isa = PBXGroup;
			children = (
				A20000000000000000000012 /* LanguageSettingsView.swift */,
				A2000000000000000000000B /* MeViews.swift */,
			);
			path = Views;
			sourceTree = "<group>";
		};
		A30000000000000000000010 /* Common */ = {
			isa = PBXGroup;
			children = (
				A30000000000000000000011 /* Components */,
			);
			path = Common;
			sourceTree = "<group>";
		};
		A30000000000000000000011 /* Components */ = {
			isa = PBXGroup;
			children = (
				A30000000000000000000014 /* Buttons */,
				A30000000000000000000017 /* Containers */,
				A30000000000000000000015 /* Fields */,
				A30000000000000000000016 /* Lists */,
				A30000000000000000000018 /* States */,
				A2000000000000000000000C /* DUBottomSheet.swift */,
			);
			path = Components;
			sourceTree = "<group>";
		};
		A30000000000000000000012 /* Config */ = {
			isa = PBXGroup;
			children = (
				A2000000000000000000000E /* AppEnvironment.swift */,
			);
			path = Config;
			sourceTree = "<group>";
		};
		A30000000000000000000013 /* Localization */ = {
			isa = PBXGroup;
			children = (
				A2000000000000000000000F /* AppLanguage.swift */,
				A20000000000000000000010 /* AppLanguageStore.swift */,
				A20000000000000000000011 /* LocalizedTextValue.swift */,
			);
			path = Localization;
			sourceTree = "<group>";
		};
		A30000000000000000000014 /* Buttons */ = {
			isa = PBXGroup;
			children = (
				A20000000000000000000014 /* DUButton.swift */,
				A20000000000000000000018 /* DUTextButton.swift */,
				A20000000000000000000019 /* DUIconButton.swift */,
				A20000000000000000000024 /* DUSplashSkipButton.swift */,
			);
			path = Buttons;
			sourceTree = "<group>";
		};
		A30000000000000000000015 /* Fields */ = {
			isa = PBXGroup;
			children = (
				A20000000000000000000015 /* DUTextField.swift */,
				A20000000000000000000016 /* DUPhoneField.swift */,
			);
			path = Fields;
			sourceTree = "<group>";
		};
		A30000000000000000000016 /* Lists */ = {
			isa = PBXGroup;
			children = (
				A20000000000000000000017 /* DUListItem.swift */,
			);
			path = Lists;
			sourceTree = "<group>";
		};
		A30000000000000000000017 /* Containers */ = {
			isa = PBXGroup;
			children = (
				A2000000000000000000001B /* DUSectionCard.swift */,
			);
			path = Containers;
			sourceTree = "<group>";
		};
		A30000000000000000000018 /* States */ = {
			isa = PBXGroup;
			children = (
				A2000000000000000000001A /* DUStateView.swift */,
			);
			path = States;
			sourceTree = "<group>";
		};
		A30000000000000000000019 /* Networking */ = {
			isa = PBXGroup;
			children = (
				A20000000000000000000021 /* AdvertisementAPI.swift */,
				A2000000000000000000001C /* AuthAPI.swift */,
				A20000000000000000000045 /* BadgeCenterAPI.swift */,
				B20000000000000000000001 /* BillingAPI.swift */,
				A2000000000000000000001F /* DeviceIdentityProvider.swift */,
				A20000000000000000000040 /* HomeAPI.swift */,
				A2000000000000000000001D /* HTTPClient.swift */,
				A20000000000000000000044 /* MallAPI.swift */,
				A2000000000000000000001E /* NetworkContextBuilder.swift */,
				A2000000000000000000002B /* NotificationAPI.swift */,
			);
			path = Networking;
			sourceTree = "<group>";
		};
		A3000000000000000000001A /* Launch */ = {
			isa = PBXGroup;
			children = (
				A3000000000000000000001B /* Models */,
				A3000000000000000000001C /* ViewModels */,
				A3000000000000000000001D /* Views */,
			);
			path = Launch;
			sourceTree = "<group>";
		};
		A3000000000000000000001B /* Models */ = {
			isa = PBXGroup;
			children = (
				A20000000000000000000022 /* SplashAdModels.swift */,
			);
			path = Models;
			sourceTree = "<group>";
		};
		A3000000000000000000001C /* ViewModels */ = {
			isa = PBXGroup;
			children = (
				A20000000000000000000025 /* AppLaunchContainerViewModel.swift */,
				A20000000000000000000026 /* SplashAdViewModel.swift */,
			);
			path = ViewModels;
			sourceTree = "<group>";
		};
		A3000000000000000000001D /* Views */ = {
			isa = PBXGroup;
			children = (
				A20000000000000000000027 /* AppLaunchContainerView.swift */,
				A20000000000000000000028 /* SplashAdView.swift */,
			);
			path = Views;
			sourceTree = "<group>";
		};
		A3000000000000000000002B /* MessageCenter */ = {
			isa = PBXGroup;
			children = (
				A3000000000000000000002C /* Models */,
				A3000000000000000000002D /* ViewModels */,
				A3000000000000000000002E /* Views */,
			);
			path = MessageCenter;
			sourceTree = "<group>";
		};
		A3000000000000000000002C /* Models */ = {
			isa = PBXGroup;
			children = (
				A2000000000000000000002D /* MessageCenterModels.swift */,
			);
			path = Models;
			sourceTree = "<group>";
		};
		A3000000000000000000002D /* ViewModels */ = {
			isa = PBXGroup;
			children = (
				A2000000000000000000002E /* MessageCenterViewModel.swift */,
			);
			path = ViewModels;
			sourceTree = "<group>";
		};
		A3000000000000000000002E /* Views */ = {
			isa = PBXGroup;
			children = (
				A2000000000000000000002F /* MessageCenterView.swift */,
				A20000000000000000000030 /* MessageDetailContentView.swift */,
			);
			path = Views;
			sourceTree = "<group>";
		};
		A30000000000000000000031 /* Mall */ = {
			isa = PBXGroup;
			children = (
				A30000000000000000000032 /* Models */,
				A30000000000000000000033 /* ViewModels */,
				A30000000000000000000034 /* Views */,
			);
			path = Mall;
			sourceTree = "<group>";
		};
		A30000000000000000000032 /* Models */ = {
			isa = PBXGroup;
			children = (
				A20000000000000000000032 /* MallModels.swift */,
			);
			path = Models;
			sourceTree = "<group>";
		};
		A30000000000000000000033 /* ViewModels */ = {
			isa = PBXGroup;
			children = (
				A20000000000000000000033 /* MallViewModel.swift */,
			);
			path = ViewModels;
			sourceTree = "<group>";
		};
		A30000000000000000000034 /* Views */ = {
			isa = PBXGroup;
			children = (
				A20000000000000000000034 /* MallComponents.swift */,
				A20000000000000000000035 /* MallContainerView.swift */,
				A20000000000000000000036 /* MallHomeView.swift */,
				A20000000000000000000037 /* MallCategoryView.swift */,
				A20000000000000000000038 /* MallSearchView.swift */,
				A20000000000000000000039 /* MallSearchResultView.swift */,
			);
			path = Views;
			sourceTree = "<group>";
		};
		C30000000000000000000001 /* BadgeCenter */ = {
			isa = PBXGroup;
			children = (
				C30000000000000000000002 /* Models */,
				C30000000000000000000003 /* ViewModels */,
				C30000000000000000000004 /* Views */,
			);
			path = BadgeCenter;
			sourceTree = "<group>";
		};
		C30000000000000000000002 /* Models */ = {
			isa = PBXGroup;
			children = (
				C20000000000000000000002 /* BadgeCenterModels.swift */,
			);
			path = Models;
			sourceTree = "<group>";
		};
		C30000000000000000000003 /* ViewModels */ = {
			isa = PBXGroup;
			children = (
				C20000000000000000000003 /* BadgeCenterViewModel.swift */,
			);
			path = ViewModels;
			sourceTree = "<group>";
		};
		C30000000000000000000004 /* Views */ = {
			isa = PBXGroup;
			children = (
				C30000000000000000000005 /* Components */,
				C20000000000000000000004 /* BadgeCenterView.swift */,
			);
			path = Views;
			sourceTree = "<group>";
		};
		C30000000000000000000005 /* Components */ = {
			isa = PBXGroup;
			children = (
				C20000000000000000000005 /* BadgeCenterListComponents.swift */,
				C20000000000000000000006 /* BadgeCenterSharedComponents.swift */,
				C20000000000000000000007 /* BadgeDetailContentView.swift */,
				C20000000000000000000008 /* BadgeUnlockPromptView.swift */,
			);
			path = Components;
			sourceTree = "<group>";
		};
		A30000000000000000000040 /* Models */ = {
			isa = PBXGroup;
			children = (
				A20000000000000000000042 /* HomeModels.swift */,
			);
			path = Models;
			sourceTree = "<group>";
		};
		A30000000000000000000041 /* ViewModels */ = {
			isa = PBXGroup;
			children = (
				A20000000000000000000043 /* HomeViewModel.swift */,
			);
			path = ViewModels;
			sourceTree = "<group>";
		};
		B30000000000000000000001 /* Billing */ = {
			isa = PBXGroup;
			children = (
				B30000000000000000000002 /* Models */,
				B30000000000000000000003 /* ViewModels */,
				B30000000000000000000004 /* Views */,
			);
			path = Billing;
			sourceTree = "<group>";
		};
		B30000000000000000000002 /* Models */ = {
			isa = PBXGroup;
			children = (
				B20000000000000000000003 /* BillingModels.swift */,
			);
			path = Models;
			sourceTree = "<group>";
		};
		B30000000000000000000003 /* ViewModels */ = {
			isa = PBXGroup;
			children = (
				B20000000000000000000004 /* BillingViewModel.swift */,
			);
			path = ViewModels;
			sourceTree = "<group>";
		};
		B30000000000000000000004 /* Views */ = {
			isa = PBXGroup;
			children = (
				B20000000000000000000005 /* BillingViews.swift */,
				B20000000000000000000006 /* RechargeViews.swift */,
			);
			path = Views;
			sourceTree = "<group>";
		};
/* End PBXGroup section */

/* Begin PBXNativeTarget section */
		04E692C42F5EA2CE0082C59F /* ioscrmapp */ = {
			isa = PBXNativeTarget;
			buildConfigurationList = 04E692D32F5EA2CF0082C59F /* Build configuration list for PBXNativeTarget "ioscrmapp" */;
			buildPhases = (
				04E692C12F5EA2CE0082C59F /* Sources */,
				04E692C22F5EA2CE0082C59F /* Frameworks */,
				04E692C32F5EA2CE0082C59F /* Resources */,
			);
			buildRules = (
			);
			dependencies = (
			);
			name = ioscrmapp;
			productName = ioscrmapp;
			productReference = 04E692C52F5EA2CE0082C59F /* Du App.app */;
			productType = "com.apple.product-type.application";
		};
/* End PBXNativeTarget section */

/* Begin PBXProject section */
		04E692BD2F5EA2CE0082C59F /* Project object */ = {
			isa = PBXProject;
			attributes = {
				BuildIndependentTargetsInParallel = 1;
				LastSwiftUpdateCheck = 1420;
				LastUpgradeCheck = 1420;
				TargetAttributes = {
					04E692C42F5EA2CE0082C59F = {
						CreatedOnToolsVersion = 14.2;
					};
				};
			};
			buildConfigurationList = 04E692C02F5EA2CE0082C59F /* Build configuration list for PBXProject "ioscrmapp" */;
			compatibilityVersion = "Xcode 14.0";
			developmentRegion = en;
			hasScannedForEncodings = 0;
			knownRegions = (
				en,
				Base,
			);
			mainGroup = 04E692BC2F5EA2CE0082C59F;
			productRefGroup = 04E692C62F5EA2CE0082C59F /* Products */;
			projectDirPath = "";
			projectRoot = "";
			targets = (
				04E692C42F5EA2CE0082C59F /* ioscrmapp */,
			);
		};
/* End PBXProject section */

/* Begin PBXResourcesBuildPhase section */
		04E692C32F5EA2CE0082C59F /* Resources */ = {
			isa = PBXResourcesBuildPhase;
			buildActionMask = 2147483647;
			files = (
				A10000000000000000000013 /* Localizations in Resources */,
				04E692D02F5EA2CF0082C59F /* Preview Assets.xcassets in Resources */,
				04E692CD2F5EA2CF0082C59F /* Assets.xcassets in Resources */,
			);
			runOnlyForDeploymentPostprocessing = 0;
		};
/* End PBXResourcesBuildPhase section */

/* Begin PBXSourcesBuildPhase section */
		04E692C12F5EA2CE0082C59F /* Sources */ = {
			isa = PBXSourcesBuildPhase;
			buildActionMask = 2147483647;
			files = (
				A10000000000000000000043 /* HomeViewModel.swift in Sources */,
				A10000000000000000000042 /* HomeModels.swift in Sources */,
				A10000000000000000000041 /* HomeService.swift in Sources */,
				A10000000000000000000040 /* HomeAPI.swift in Sources */,
				A10000000000000000000045 /* BadgeCenterAPI.swift in Sources */,
				C10000000000000000000004 /* BadgeCenterView.swift in Sources */,
				A10000000000000000000044 /* MallAPI.swift in Sources */,
				A10000000000000000000039 /* MallSearchResultView.swift in Sources */,
				A10000000000000000000038 /* MallSearchView.swift in Sources */,
				A10000000000000000000037 /* MallCategoryView.swift in Sources */,
				A10000000000000000000036 /* MallHomeView.swift in Sources */,
				A10000000000000000000035 /* MallContainerView.swift in Sources */,
				A10000000000000000000034 /* MallComponents.swift in Sources */,
				A10000000000000000000033 /* MallViewModel.swift in Sources */,
				A10000000000000000000032 /* MallModels.swift in Sources */,
				A10000000000000000000031 /* MallService.swift in Sources */,
				C10000000000000000000003 /* BadgeCenterViewModel.swift in Sources */,
				A10000000000000000000028 /* SplashAdView.swift in Sources */,
				A10000000000000000000027 /* AppLaunchContainerView.swift in Sources */,
				A10000000000000000000026 /* SplashAdViewModel.swift in Sources */,
				A10000000000000000000025 /* AppLaunchContainerViewModel.swift in Sources */,
				A10000000000000000000024 /* DUSplashSkipButton.swift in Sources */,
				A10000000000000000000023 /* SplashAdService.swift in Sources */,
				A10000000000000000000022 /* SplashAdModels.swift in Sources */,
				A10000000000000000000021 /* AdvertisementAPI.swift in Sources */,
				A1000000000000000000002A /* SessionUserDefaultsStore.swift in Sources */,
				A10000000000000000000029 /* SessionKeychainStores.swift in Sources */,
				A10000000000000000000030 /* MessageDetailContentView.swift in Sources */,
				A1000000000000000000002F /* MessageCenterView.swift in Sources */,
				A1000000000000000000002E /* MessageCenterViewModel.swift in Sources */,
				A1000000000000000000002D /* MessageCenterModels.swift in Sources */,
				B10000000000000000000005 /* BillingViews.swift in Sources */,
				B10000000000000000000006 /* RechargeViews.swift in Sources */,
				B10000000000000000000004 /* BillingViewModel.swift in Sources */,
				B10000000000000000000003 /* BillingModels.swift in Sources */,
				A10000000000000000000020 /* RegistrationRequestEncryptor.swift in Sources */,
				A1000000000000000000001F /* DeviceIdentityProvider.swift in Sources */,
				A1000000000000000000001E /* NetworkContextBuilder.swift in Sources */,
				A1000000000000000000001D /* HTTPClient.swift in Sources */,
				A1000000000000000000001C /* AuthAPI.swift in Sources */,
				B10000000000000000000001 /* BillingAPI.swift in Sources */,
				A1000000000000000000002B /* NotificationAPI.swift in Sources */,
				A1000000000000000000001B /* DUSectionCard.swift in Sources */,
				A1000000000000000000001A /* DUStateView.swift in Sources */,
				A10000000000000000000019 /* DUIconButton.swift in Sources */,
				A10000000000000000000018 /* DUTextButton.swift in Sources */,
				A10000000000000000000017 /* DUListItem.swift in Sources */,
				A10000000000000000000016 /* DUPhoneField.swift in Sources */,
				A10000000000000000000015 /* DUTextField.swift in Sources */,
				A10000000000000000000014 /* DUButton.swift in Sources */,
				A10000000000000000000012 /* LanguageSettingsView.swift in Sources */,
				A10000000000000000000011 /* LocalizedTextValue.swift in Sources */,
				A10000000000000000000010 /* AppLanguageStore.swift in Sources */,
				A1000000000000000000000F /* AppLanguage.swift in Sources */,
				A1000000000000000000000E /* AppEnvironment.swift in Sources */,
				A1000000000000000000000D /* AppServices.swift in Sources */,
				C10000000000000000000001 /* BadgeCenterService.swift in Sources */,
				C10000000000000000000008 /* BadgeUnlockPromptView.swift in Sources */,
				C10000000000000000000007 /* BadgeDetailContentView.swift in Sources */,
				C10000000000000000000006 /* BadgeCenterSharedComponents.swift in Sources */,
				C10000000000000000000005 /* BadgeCenterListComponents.swift in Sources */,
				B10000000000000000000002 /* BillingService.swift in Sources */,
				A1000000000000000000000C /* DUBottomSheet.swift in Sources */,
				A1000000000000000000000B /* MeViews.swift in Sources */,
				A1000000000000000000000A /* MeViewModel.swift in Sources */,
				A10000000000000000000005 /* AuthViews.swift in Sources */,
				A10000000000000000000003 /* AuthModels.swift in Sources */,
				A10000000000000000000004 /* AuthLoginViewModel.swift in Sources */,
				A10000000000000000000007 /* DesignSystem.swift in Sources */,
				C10000000000000000000002 /* BadgeCenterModels.swift in Sources */,
				A10000000000000000000009 /* MeModels.swift in Sources */,
				A10000000000000000000006 /* HomeView.swift in Sources */,
				A10000000000000000000002 /* AuthService.swift in Sources */,
				A10000000000000000000008 /* MeService.swift in Sources */,
				A1000000000000000000002C /* NotificationService.swift in Sources */,
				A10000000000000000000001 /* SessionStore.swift in Sources */,
				04E692CB2F5EA2CE0082C59F /* ContentView.swift in Sources */,
				04E692C92F5EA2CE0082C59F /* ioscrmappApp.swift in Sources */,
			);
			runOnlyForDeploymentPostprocessing = 0;
		};
/* End PBXSourcesBuildPhase section */

/* Begin XCBuildConfiguration section */
		04E692D12F5EA2CF0082C59F /* Debug */ = {
			isa = XCBuildConfiguration;
			buildSettings = {
				ALWAYS_SEARCH_USER_PATHS = NO;
				CLANG_ANALYZER_NONNULL = YES;
				CLANG_ANALYZER_NUMBER_OBJECT_CONVERSION = YES_AGGRESSIVE;
				CLANG_CXX_LANGUAGE_STANDARD = "gnu++20";
				CLANG_ENABLE_MODULES = YES;
				CLANG_ENABLE_OBJC_ARC = YES;
				CLANG_ENABLE_OBJC_WEAK = YES;
				CLANG_WARN_BLOCK_CAPTURE_AUTORELEASING = YES;
				CLANG_WARN_BOOL_CONVERSION = YES;
				CLANG_WARN_COMMA = YES;
				CLANG_WARN_CONSTANT_CONVERSION = YES;
				CLANG_WARN_DEPRECATED_OBJC_IMPLEMENTATIONS = YES;
				CLANG_WARN_DIRECT_OBJC_ISA_USAGE = YES_ERROR;
				CLANG_WARN_DOCUMENTATION_COMMENTS = YES;
				CLANG_WARN_EMPTY_BODY = YES;
				CLANG_WARN_ENUM_CONVERSION = YES;
				CLANG_WARN_INFINITE_RECURSION = YES;
				CLANG_WARN_INT_CONVERSION = YES;
				CLANG_WARN_NON_LITERAL_NULL_CONVERSION = YES;
				CLANG_WARN_OBJC_IMPLICIT_RETAIN_SELF = YES;
				CLANG_WARN_OBJC_LITERAL_CONVERSION = YES;
				CLANG_WARN_OBJC_ROOT_CLASS = YES_ERROR;
				CLANG_WARN_QUOTED_INCLUDE_IN_FRAMEWORK_HEADER = YES;
				CLANG_WARN_RANGE_LOOP_ANALYSIS = YES;
				CLANG_WARN_STRICT_PROTOTYPES = YES;
				CLANG_WARN_SUSPICIOUS_MOVE = YES;
				CLANG_WARN_UNGUARDED_AVAILABILITY = YES_AGGRESSIVE;
				CLANG_WARN_UNREACHABLE_CODE = YES;
				CLANG_WARN__DUPLICATE_METHOD_MATCH = YES;
				COPY_PHASE_STRIP = NO;
				DEBUG_INFORMATION_FORMAT = dwarf;
				ENABLE_STRICT_OBJC_MSGSEND = YES;
				ENABLE_TESTABILITY = YES;
				GCC_C_LANGUAGE_STANDARD = gnu11;
				GCC_DYNAMIC_NO_PIC = NO;
				GCC_NO_COMMON_BLOCKS = YES;
				GCC_OPTIMIZATION_LEVEL = 0;
				GCC_PREPROCESSOR_DEFINITIONS = (
					"DEBUG=1",
					"$(inherited)",
				);
				GCC_WARN_64_TO_32_BIT_CONVERSION = YES;
				GCC_WARN_ABOUT_RETURN_TYPE = YES_ERROR;
				GCC_WARN_UNDECLARED_SELECTOR = YES;
				GCC_WARN_UNINITIALIZED_AUTOS = YES_AGGRESSIVE;
				GCC_WARN_UNUSED_FUNCTION = YES;
				GCC_WARN_UNUSED_VARIABLE = YES;
				IPHONEOS_DEPLOYMENT_TARGET = 15.0;
				MTL_ENABLE_DEBUG_INFO = INCLUDE_SOURCE;
				MTL_FAST_MATH = YES;
				ONLY_ACTIVE_ARCH = YES;
				SDKROOT = iphoneos;
				SWIFT_ACTIVE_COMPILATION_CONDITIONS = DEBUG;
				SWIFT_OPTIMIZATION_LEVEL = "-Onone";
			};
			name = Debug;
		};
		04E692D22F5EA2CF0082C59F /* Release */ = {
			isa = XCBuildConfiguration;
			buildSettings = {
				ALWAYS_SEARCH_USER_PATHS = NO;
				CLANG_ANALYZER_NONNULL = YES;
				CLANG_ANALYZER_NUMBER_OBJECT_CONVERSION = YES_AGGRESSIVE;
				CLANG_CXX_LANGUAGE_STANDARD = "gnu++20";
				CLANG_ENABLE_MODULES = YES;
				CLANG_ENABLE_OBJC_ARC = YES;
				CLANG_ENABLE_OBJC_WEAK = YES;
				CLANG_WARN_BLOCK_CAPTURE_AUTORELEASING = YES;
				CLANG_WARN_BOOL_CONVERSION = YES;
				CLANG_WARN_COMMA = YES;
				CLANG_WARN_CONSTANT_CONVERSION = YES;
				CLANG_WARN_DEPRECATED_OBJC_IMPLEMENTATIONS = YES;
				CLANG_WARN_DIRECT_OBJC_ISA_USAGE = YES_ERROR;
				CLANG_WARN_DOCUMENTATION_COMMENTS = YES;
				CLANG_WARN_EMPTY_BODY = YES;
				CLANG_WARN_ENUM_CONVERSION = YES;
				CLANG_WARN_INFINITE_RECURSION = YES;
				CLANG_WARN_INT_CONVERSION = YES;
				CLANG_WARN_NON_LITERAL_NULL_CONVERSION = YES;
				CLANG_WARN_OBJC_IMPLICIT_RETAIN_SELF = YES;
				CLANG_WARN_OBJC_LITERAL_CONVERSION = YES;
				CLANG_WARN_OBJC_ROOT_CLASS = YES_ERROR;
				CLANG_WARN_QUOTED_INCLUDE_IN_FRAMEWORK_HEADER = YES;
				CLANG_WARN_RANGE_LOOP_ANALYSIS = YES;
				CLANG_WARN_STRICT_PROTOTYPES = YES;
				CLANG_WARN_SUSPICIOUS_MOVE = YES;
				CLANG_WARN_UNGUARDED_AVAILABILITY = YES_AGGRESSIVE;
				CLANG_WARN_UNREACHABLE_CODE = YES;
				CLANG_WARN__DUPLICATE_METHOD_MATCH = YES;
				COPY_PHASE_STRIP = NO;
				DEBUG_INFORMATION_FORMAT = "dwarf-with-dsym";
				ENABLE_NS_ASSERTIONS = NO;
				ENABLE_STRICT_OBJC_MSGSEND = YES;
				GCC_C_LANGUAGE_STANDARD = gnu11;
				GCC_NO_COMMON_BLOCKS = YES;
				GCC_WARN_64_TO_32_BIT_CONVERSION = YES;
				GCC_WARN_ABOUT_RETURN_TYPE = YES_ERROR;
				GCC_WARN_UNDECLARED_SELECTOR = YES;
				GCC_WARN_UNINITIALIZED_AUTOS = YES_AGGRESSIVE;
				GCC_WARN_UNUSED_FUNCTION = YES;
				GCC_WARN_UNUSED_VARIABLE = YES;
				IPHONEOS_DEPLOYMENT_TARGET = 15.0;
				MTL_ENABLE_DEBUG_INFO = NO;
				MTL_FAST_MATH = YES;
				SDKROOT = iphoneos;
				SWIFT_COMPILATION_MODE = wholemodule;
				SWIFT_OPTIMIZATION_LEVEL = "-O";
				VALIDATE_PRODUCT = YES;
			};
			name = Release;
		};
		04E692D42F5EA2CF0082C59F /* Debug */ = {
			isa = XCBuildConfiguration;
			buildSettings = {
				ASSETCATALOG_COMPILER_APPICON_NAME = AppIcon;
				ASSETCATALOG_COMPILER_GLOBAL_ACCENT_COLOR_NAME = AccentColor;
				CODE_SIGN_STYLE = Automatic;
				CURRENT_PROJECT_VERSION = 1;
				DEVELOPMENT_ASSET_PATHS = "\"ioscrmapp/Preview Content\"";
				DEVELOPMENT_TEAM = VCCNS5F3U6;
				ENABLE_PREVIEWS = YES;
				GENERATE_INFOPLIST_FILE = YES;
				INFOPLIST_KEY_NSPhotoLibraryAddUsageDescription = "Allow Du App to save recharge receipts to your photo library.";
				INFOPLIST_KEY_UIApplicationSceneManifest_Generation = YES;
				INFOPLIST_KEY_UIApplicationSupportsIndirectInputEvents = YES;
				INFOPLIST_KEY_UILaunchScreen_Generation = YES;
				INFOPLIST_KEY_UISupportedInterfaceOrientations_iPad = "UIInterfaceOrientationPortrait UIInterfaceOrientationPortraitUpsideDown UIInterfaceOrientationLandscapeLeft UIInterfaceOrientationLandscapeRight";
				INFOPLIST_KEY_UISupportedInterfaceOrientations_iPhone = "UIInterfaceOrientationPortrait UIInterfaceOrientationLandscapeLeft UIInterfaceOrientationLandscapeRight";
				IPHONEOS_DEPLOYMENT_TARGET = 15.0;
				LD_RUNPATH_SEARCH_PATHS = (
					"$(inherited)",
					"@executable_path/Frameworks",
				);
				MARKETING_VERSION = 1.0;
				PRODUCT_BUNDLE_IDENTIFIER = com.inspur.ioscrmapp;
				PRODUCT_NAME = "Du App";
				SWIFT_EMIT_LOC_STRINGS = YES;
				SWIFT_VERSION = 5.0;
				TARGETED_DEVICE_FAMILY = "1,2";
			};
			name = Debug;
		};
		04E692D52F5EA2CF0082C59F /* Release */ = {
			isa = XCBuildConfiguration;
			buildSettings = {
				ASSETCATALOG_COMPILER_APPICON_NAME = AppIcon;
				ASSETCATALOG_COMPILER_GLOBAL_ACCENT_COLOR_NAME = AccentColor;
				CODE_SIGN_STYLE = Automatic;
				CURRENT_PROJECT_VERSION = 1;
				DEVELOPMENT_ASSET_PATHS = "\"ioscrmapp/Preview Content\"";
				DEVELOPMENT_TEAM = VCCNS5F3U6;
				ENABLE_PREVIEWS = YES;
				GENERATE_INFOPLIST_FILE = YES;
				INFOPLIST_KEY_NSPhotoLibraryAddUsageDescription = "Allow Du App to save recharge receipts to your photo library.";
				INFOPLIST_KEY_UIApplicationSceneManifest_Generation = YES;
				INFOPLIST_KEY_UIApplicationSupportsIndirectInputEvents = YES;
				INFOPLIST_KEY_UILaunchScreen_Generation = YES;
				INFOPLIST_KEY_UISupportedInterfaceOrientations_iPad = "UIInterfaceOrientationPortrait UIInterfaceOrientationPortraitUpsideDown UIInterfaceOrientationLandscapeLeft UIInterfaceOrientationLandscapeRight";
				INFOPLIST_KEY_UISupportedInterfaceOrientations_iPhone = "UIInterfaceOrientationPortrait UIInterfaceOrientationLandscapeLeft UIInterfaceOrientationLandscapeRight";
				IPHONEOS_DEPLOYMENT_TARGET = 15.0;
				LD_RUNPATH_SEARCH_PATHS = (
					"$(inherited)",
					"@executable_path/Frameworks",
				);
				MARKETING_VERSION = 1.0;
				PRODUCT_BUNDLE_IDENTIFIER = com.inspur.ioscrmapp;
				PRODUCT_NAME = "Du App";
				SWIFT_EMIT_LOC_STRINGS = YES;
				SWIFT_VERSION = 5.0;
				TARGETED_DEVICE_FAMILY = "1,2";
			};
			name = Release;
		};
		A40000000000000000000001 /* Develop */ = {
			isa = XCBuildConfiguration;
			buildSettings = {
				ALWAYS_SEARCH_USER_PATHS = NO;
				CLANG_ANALYZER_NONNULL = YES;
				CLANG_ANALYZER_NUMBER_OBJECT_CONVERSION = YES_AGGRESSIVE;
				CLANG_CXX_LANGUAGE_STANDARD = "gnu++20";
				CLANG_ENABLE_MODULES = YES;
				CLANG_ENABLE_OBJC_ARC = YES;
				CLANG_ENABLE_OBJC_WEAK = YES;
				CLANG_WARN_BLOCK_CAPTURE_AUTORELEASING = YES;
				CLANG_WARN_BOOL_CONVERSION = YES;
				CLANG_WARN_COMMA = YES;
				CLANG_WARN_CONSTANT_CONVERSION = YES;
				CLANG_WARN_DEPRECATED_OBJC_IMPLEMENTATIONS = YES;
				CLANG_WARN_DIRECT_OBJC_ISA_USAGE = YES_ERROR;
				CLANG_WARN_DOCUMENTATION_COMMENTS = YES;
				CLANG_WARN_EMPTY_BODY = YES;
				CLANG_WARN_ENUM_CONVERSION = YES;
				CLANG_WARN_INFINITE_RECURSION = YES;
				CLANG_WARN_INT_CONVERSION = YES;
				CLANG_WARN_NON_LITERAL_NULL_CONVERSION = YES;
				CLANG_WARN_OBJC_IMPLICIT_RETAIN_SELF = YES;
				CLANG_WARN_OBJC_LITERAL_CONVERSION = YES;
				CLANG_WARN_OBJC_ROOT_CLASS = YES_ERROR;
				CLANG_WARN_QUOTED_INCLUDE_IN_FRAMEWORK_HEADER = YES;
				CLANG_WARN_RANGE_LOOP_ANALYSIS = YES;
				CLANG_WARN_STRICT_PROTOTYPES = YES;
				CLANG_WARN_SUSPICIOUS_MOVE = YES;
				CLANG_WARN_UNGUARDED_AVAILABILITY = YES_AGGRESSIVE;
				CLANG_WARN_UNREACHABLE_CODE = YES;
				CLANG_WARN__DUPLICATE_METHOD_MATCH = YES;
				COPY_PHASE_STRIP = NO;
				DEBUG_INFORMATION_FORMAT = "dwarf-with-dsym";
				ENABLE_NS_ASSERTIONS = NO;
				ENABLE_STRICT_OBJC_MSGSEND = YES;
				GCC_C_LANGUAGE_STANDARD = gnu11;
				GCC_NO_COMMON_BLOCKS = YES;
				GCC_WARN_64_TO_32_BIT_CONVERSION = YES;
				GCC_WARN_ABOUT_RETURN_TYPE = YES_ERROR;
				GCC_WARN_UNDECLARED_SELECTOR = YES;
				GCC_WARN_UNINITIALIZED_AUTOS = YES_AGGRESSIVE;
				GCC_WARN_UNUSED_FUNCTION = YES;
				GCC_WARN_UNUSED_VARIABLE = YES;
				IPHONEOS_DEPLOYMENT_TARGET = 15.0;
				MTL_ENABLE_DEBUG_INFO = NO;
				MTL_FAST_MATH = YES;
				SDKROOT = iphoneos;
				SWIFT_ACTIVE_COMPILATION_CONDITIONS = APP_PACKAGE_DEVELOP;
				SWIFT_COMPILATION_MODE = wholemodule;
				SWIFT_OPTIMIZATION_LEVEL = "-O";
				VALIDATE_PRODUCT = YES;
			};
			name = Develop;
		};
		A40000000000000000000002 /* Test */ = {
			isa = XCBuildConfiguration;
			buildSettings = {
				ALWAYS_SEARCH_USER_PATHS = NO;
				CLANG_ANALYZER_NONNULL = YES;
				CLANG_ANALYZER_NUMBER_OBJECT_CONVERSION = YES_AGGRESSIVE;
				CLANG_CXX_LANGUAGE_STANDARD = "gnu++20";
				CLANG_ENABLE_MODULES = YES;
				CLANG_ENABLE_OBJC_ARC = YES;
				CLANG_ENABLE_OBJC_WEAK = YES;
				CLANG_WARN_BLOCK_CAPTURE_AUTORELEASING = YES;
				CLANG_WARN_BOOL_CONVERSION = YES;
				CLANG_WARN_COMMA = YES;
				CLANG_WARN_CONSTANT_CONVERSION = YES;
				CLANG_WARN_DEPRECATED_OBJC_IMPLEMENTATIONS = YES;
				CLANG_WARN_DIRECT_OBJC_ISA_USAGE = YES_ERROR;
				CLANG_WARN_DOCUMENTATION_COMMENTS = YES;
				CLANG_WARN_EMPTY_BODY = YES;
				CLANG_WARN_ENUM_CONVERSION = YES;
				CLANG_WARN_INFINITE_RECURSION = YES;
				CLANG_WARN_INT_CONVERSION = YES;
				CLANG_WARN_NON_LITERAL_NULL_CONVERSION = YES;
				CLANG_WARN_OBJC_IMPLICIT_RETAIN_SELF = YES;
				CLANG_WARN_OBJC_LITERAL_CONVERSION = YES;
				CLANG_WARN_OBJC_ROOT_CLASS = YES_ERROR;
				CLANG_WARN_QUOTED_INCLUDE_IN_FRAMEWORK_HEADER = YES;
				CLANG_WARN_RANGE_LOOP_ANALYSIS = YES;
				CLANG_WARN_STRICT_PROTOTYPES = YES;
				CLANG_WARN_SUSPICIOUS_MOVE = YES;
				CLANG_WARN_UNGUARDED_AVAILABILITY = YES_AGGRESSIVE;
				CLANG_WARN_UNREACHABLE_CODE = YES;
				CLANG_WARN__DUPLICATE_METHOD_MATCH = YES;
				COPY_PHASE_STRIP = NO;
				DEBUG_INFORMATION_FORMAT = "dwarf-with-dsym";
				ENABLE_NS_ASSERTIONS = NO;
				ENABLE_STRICT_OBJC_MSGSEND = YES;
				GCC_C_LANGUAGE_STANDARD = gnu11;
				GCC_NO_COMMON_BLOCKS = YES;
				GCC_WARN_64_TO_32_BIT_CONVERSION = YES;
				GCC_WARN_ABOUT_RETURN_TYPE = YES_ERROR;
				GCC_WARN_UNDECLARED_SELECTOR = YES;
				GCC_WARN_UNINITIALIZED_AUTOS = YES_AGGRESSIVE;
				GCC_WARN_UNUSED_FUNCTION = YES;
				GCC_WARN_UNUSED_VARIABLE = YES;
				IPHONEOS_DEPLOYMENT_TARGET = 15.0;
				MTL_ENABLE_DEBUG_INFO = NO;
				MTL_FAST_MATH = YES;
				SDKROOT = iphoneos;
				SWIFT_ACTIVE_COMPILATION_CONDITIONS = APP_PACKAGE_TEST;
				SWIFT_COMPILATION_MODE = wholemodule;
				SWIFT_OPTIMIZATION_LEVEL = "-O";
				VALIDATE_PRODUCT = YES;
			};
			name = Test;
		};
		A40000000000000000000003 /* Production */ = {
			isa = XCBuildConfiguration;
			buildSettings = {
				ALWAYS_SEARCH_USER_PATHS = NO;
				CLANG_ANALYZER_NONNULL = YES;
				CLANG_ANALYZER_NUMBER_OBJECT_CONVERSION = YES_AGGRESSIVE;
				CLANG_CXX_LANGUAGE_STANDARD = "gnu++20";
				CLANG_ENABLE_MODULES = YES;
				CLANG_ENABLE_OBJC_ARC = YES;
				CLANG_ENABLE_OBJC_WEAK = YES;
				CLANG_WARN_BLOCK_CAPTURE_AUTORELEASING = YES;
				CLANG_WARN_BOOL_CONVERSION = YES;
				CLANG_WARN_COMMA = YES;
				CLANG_WARN_CONSTANT_CONVERSION = YES;
				CLANG_WARN_DEPRECATED_OBJC_IMPLEMENTATIONS = YES;
				CLANG_WARN_DIRECT_OBJC_ISA_USAGE = YES_ERROR;
				CLANG_WARN_DOCUMENTATION_COMMENTS = YES;
				CLANG_WARN_EMPTY_BODY = YES;
				CLANG_WARN_ENUM_CONVERSION = YES;
				CLANG_WARN_INFINITE_RECURSION = YES;
				CLANG_WARN_INT_CONVERSION = YES;
				CLANG_WARN_NON_LITERAL_NULL_CONVERSION = YES;
				CLANG_WARN_OBJC_IMPLICIT_RETAIN_SELF = YES;
				CLANG_WARN_OBJC_LITERAL_CONVERSION = YES;
				CLANG_WARN_OBJC_ROOT_CLASS = YES_ERROR;
				CLANG_WARN_QUOTED_INCLUDE_IN_FRAMEWORK_HEADER = YES;
				CLANG_WARN_RANGE_LOOP_ANALYSIS = YES;
				CLANG_WARN_STRICT_PROTOTYPES = YES;
				CLANG_WARN_SUSPICIOUS_MOVE = YES;
				CLANG_WARN_UNGUARDED_AVAILABILITY = YES_AGGRESSIVE;
				CLANG_WARN_UNREACHABLE_CODE = YES;
				CLANG_WARN__DUPLICATE_METHOD_MATCH = YES;
				COPY_PHASE_STRIP = NO;
				DEBUG_INFORMATION_FORMAT = "dwarf-with-dsym";
				ENABLE_NS_ASSERTIONS = NO;
				ENABLE_STRICT_OBJC_MSGSEND = YES;
				GCC_C_LANGUAGE_STANDARD = gnu11;
				GCC_NO_COMMON_BLOCKS = YES;
				GCC_WARN_64_TO_32_BIT_CONVERSION = YES;
				GCC_WARN_ABOUT_RETURN_TYPE = YES_ERROR;
				GCC_WARN_UNDECLARED_SELECTOR = YES;
				GCC_WARN_UNINITIALIZED_AUTOS = YES_AGGRESSIVE;
				GCC_WARN_UNUSED_FUNCTION = YES;
				GCC_WARN_UNUSED_VARIABLE = YES;
				IPHONEOS_DEPLOYMENT_TARGET = 15.0;
				MTL_ENABLE_DEBUG_INFO = NO;
				MTL_FAST_MATH = YES;
				SDKROOT = iphoneos;
				SWIFT_ACTIVE_COMPILATION_CONDITIONS = APP_PACKAGE_PRODUCTION;
				SWIFT_COMPILATION_MODE = wholemodule;
				SWIFT_OPTIMIZATION_LEVEL = "-O";
				VALIDATE_PRODUCT = YES;
			};
			name = Production;
		};
		A40000000000000000000004 /* Develop */ = {
			isa = XCBuildConfiguration;
			buildSettings = {
				ASSETCATALOG_COMPILER_APPICON_NAME = AppIcon;
				ASSETCATALOG_COMPILER_GLOBAL_ACCENT_COLOR_NAME = AccentColor;
				CODE_SIGN_STYLE = Automatic;
				CURRENT_PROJECT_VERSION = 1;
				DEVELOPMENT_ASSET_PATHS = "\"ioscrmapp/Preview Content\"";
				DEVELOPMENT_TEAM = VCCNS5F3U6;
				ENABLE_PREVIEWS = YES;
				GENERATE_INFOPLIST_FILE = YES;
				INFOPLIST_KEY_NSPhotoLibraryAddUsageDescription = "Allow Du App to save recharge receipts to your photo library.";
				INFOPLIST_KEY_UIApplicationSceneManifest_Generation = YES;
				INFOPLIST_KEY_UIApplicationSupportsIndirectInputEvents = YES;
				INFOPLIST_KEY_UILaunchScreen_Generation = YES;
				INFOPLIST_KEY_UISupportedInterfaceOrientations_iPad = "UIInterfaceOrientationPortrait UIInterfaceOrientationPortraitUpsideDown UIInterfaceOrientationLandscapeLeft UIInterfaceOrientationLandscapeRight";
				INFOPLIST_KEY_UISupportedInterfaceOrientations_iPhone = "UIInterfaceOrientationPortrait UIInterfaceOrientationLandscapeLeft UIInterfaceOrientationLandscapeRight";
				IPHONEOS_DEPLOYMENT_TARGET = 15.0;
				LD_RUNPATH_SEARCH_PATHS = (
					"$(inherited)",
					"@executable_path/Frameworks",
				);
				MARKETING_VERSION = 1.0;
				PRODUCT_BUNDLE_IDENTIFIER = com.inspur.ioscrmapp;
				PRODUCT_NAME = "Du App";
				SWIFT_ACTIVE_COMPILATION_CONDITIONS = APP_PACKAGE_DEVELOP;
				SWIFT_EMIT_LOC_STRINGS = YES;
				SWIFT_VERSION = 5.0;
				TARGETED_DEVICE_FAMILY = "1,2";
			};
			name = Develop;
		};
		A40000000000000000000005 /* Test */ = {
			isa = XCBuildConfiguration;
			buildSettings = {
				ASSETCATALOG_COMPILER_APPICON_NAME = AppIcon;
				ASSETCATALOG_COMPILER_GLOBAL_ACCENT_COLOR_NAME = AccentColor;
				CODE_SIGN_STYLE = Automatic;
				CURRENT_PROJECT_VERSION = 1;
				DEVELOPMENT_ASSET_PATHS = "\"ioscrmapp/Preview Content\"";
				DEVELOPMENT_TEAM = VCCNS5F3U6;
				ENABLE_PREVIEWS = YES;
				GENERATE_INFOPLIST_FILE = YES;
				INFOPLIST_KEY_NSPhotoLibraryAddUsageDescription = "Allow Du App to save recharge receipts to your photo library.";
				INFOPLIST_KEY_UIApplicationSceneManifest_Generation = YES;
				INFOPLIST_KEY_UIApplicationSupportsIndirectInputEvents = YES;
				INFOPLIST_KEY_UILaunchScreen_Generation = YES;
				INFOPLIST_KEY_UISupportedInterfaceOrientations_iPad = "UIInterfaceOrientationPortrait UIInterfaceOrientationPortraitUpsideDown UIInterfaceOrientationLandscapeLeft UIInterfaceOrientationLandscapeRight";
				INFOPLIST_KEY_UISupportedInterfaceOrientations_iPhone = "UIInterfaceOrientationPortrait UIInterfaceOrientationLandscapeLeft UIInterfaceOrientationLandscapeRight";
				IPHONEOS_DEPLOYMENT_TARGET = 15.0;
				LD_RUNPATH_SEARCH_PATHS = (
					"$(inherited)",
					"@executable_path/Frameworks",
				);
				MARKETING_VERSION = 1.0;
				PRODUCT_BUNDLE_IDENTIFIER = com.inspur.ioscrmapp;
				PRODUCT_NAME = "Du App";
				SWIFT_ACTIVE_COMPILATION_CONDITIONS = APP_PACKAGE_TEST;
				SWIFT_EMIT_LOC_STRINGS = YES;
				SWIFT_VERSION = 5.0;
				TARGETED_DEVICE_FAMILY = "1,2";
			};
			name = Test;
		};
		A40000000000000000000006 /* Production */ = {
			isa = XCBuildConfiguration;
			buildSettings = {
				ASSETCATALOG_COMPILER_APPICON_NAME = AppIcon;
				ASSETCATALOG_COMPILER_GLOBAL_ACCENT_COLOR_NAME = AccentColor;
				CODE_SIGN_STYLE = Automatic;
				CURRENT_PROJECT_VERSION = 1;
				DEVELOPMENT_ASSET_PATHS = "\"ioscrmapp/Preview Content\"";
				DEVELOPMENT_TEAM = VCCNS5F3U6;
				ENABLE_PREVIEWS = YES;
				GENERATE_INFOPLIST_FILE = YES;
				INFOPLIST_KEY_NSPhotoLibraryAddUsageDescription = "Allow Du App to save recharge receipts to your photo library.";
				INFOPLIST_KEY_UIApplicationSceneManifest_Generation = YES;
				INFOPLIST_KEY_UIApplicationSupportsIndirectInputEvents = YES;
				INFOPLIST_KEY_UILaunchScreen_Generation = YES;
				INFOPLIST_KEY_UISupportedInterfaceOrientations_iPad = "UIInterfaceOrientationPortrait UIInterfaceOrientationPortraitUpsideDown UIInterfaceOrientationLandscapeLeft UIInterfaceOrientationLandscapeRight";
				INFOPLIST_KEY_UISupportedInterfaceOrientations_iPhone = "UIInterfaceOrientationPortrait UIInterfaceOrientationLandscapeLeft UIInterfaceOrientationLandscapeRight";
				IPHONEOS_DEPLOYMENT_TARGET = 15.0;
				LD_RUNPATH_SEARCH_PATHS = (
					"$(inherited)",
					"@executable_path/Frameworks",
				);
				MARKETING_VERSION = 1.0;
				PRODUCT_BUNDLE_IDENTIFIER = com.inspur.ioscrmapp;
				PRODUCT_NAME = "Du App";
				SWIFT_ACTIVE_COMPILATION_CONDITIONS = APP_PACKAGE_PRODUCTION;
				SWIFT_EMIT_LOC_STRINGS = YES;
				SWIFT_VERSION = 5.0;
				TARGETED_DEVICE_FAMILY = "1,2";
			};
			name = Production;
		};
/* End XCBuildConfiguration section */

/* Begin XCConfigurationList section */
		04E692C02F5EA2CE0082C59F /* Build configuration list for PBXProject "ioscrmapp" */ = {
			isa = XCConfigurationList;
			buildConfigurations = (
				04E692D12F5EA2CF0082C59F /* Debug */,
				A40000000000000000000001 /* Develop */,
				A40000000000000000000002 /* Test */,
				A40000000000000000000003 /* Production */,
				04E692D22F5EA2CF0082C59F /* Release */,
			);
			defaultConfigurationIsVisible = 0;
			defaultConfigurationName = Release;
		};
		04E692D32F5EA2CF0082C59F /* Build configuration list for PBXNativeTarget "ioscrmapp" */ = {
			isa = XCConfigurationList;
			buildConfigurations = (
				04E692D42F5EA2CF0082C59F /* Debug */,
				A40000000000000000000004 /* Develop */,
				A40000000000000000000005 /* Test */,
				A40000000000000000000006 /* Production */,
				04E692D52F5EA2CF0082C59F /* Release */,
			);
			defaultConfigurationIsVisible = 0;
			defaultConfigurationName = Release;
		};
/* End XCConfigurationList section */
	};
	rootObject = 04E692BD2F5EA2CE0082C59F /* Project object */;
}
